
Microsoft Visual Studio Solution File, Format Version 12.00
# Visual Studio Version 17
VisualStudioVersion = 17.5.33516.290
MinimumVisualStudioVersion = 10.0.40219.1
Project("{9A19103F-16F7-4668-BE54-9A1E7A4F7556}") = "DRK.DVDCentral.BL.Models", "DRK.DVDCentral.BL.Models\DRK.DVDCentral.BL.Models.csproj", "{A551029C-9FE1-40D1-BBC7-E60A2DEFCFF5}"
EndProject
Project("{00D1A9C2-B5F0-4AF3-8072-F6C62B433612}") = "DRK.DVDCentral.DB", "DRK.DVDCentral.DB\DRK.DVDCentral.DB.sqlproj", "{4B2AB6B9-0FBD-4D7E-8E1E-0B50C1DFBE0A}"
EndProject
Project("{9A19103F-16F7-4668-BE54-9A1E7A4F7556}") = "DRK.DVDCentral.PL", "DRK.DVDCentral.PL\DRK.DVDCentral.PL.csproj", "{13EFA9D1-1DFB-4F78-B919-03D5686FC96B}"
EndProject
Project("{9A19103F-16F7-4668-BE54-9A1E7A4F7556}") = "DRK.DVDCentral.PL.Test", "DRK.DVDCentral.PL.Test\DRK.DVDCentral.PL.Test.csproj", "{7A8598DC-4669-4853-8BC5-BF36476852EE}"
	ProjectSection(ProjectDependencies) = postProject
		{13EFA9D1-1DFB-4F78-B919-03D5686FC96B} = {13EFA9D1-1DFB-4F78-B919-03D5686FC96B}
	EndProjectSection
EndProject
Project("{9A19103F-16F7-4668-BE54-9A1E7A4F7556}") = "DRK.DVDCentral.BL", "DRK.DVDCentral.BL\DRK.DVDCentral.BL.csproj", "{9F3CB0C4-2FAE-4279-AF6C-744C360FC3CD}"
	ProjectSection(ProjectDependencies) = postProject
		{13EFA9D1-1DFB-4F78-B919-03D5686FC96B} = {13EFA9D1-1DFB-4F78-B919-03D5686FC96B}
		{A551029C-9FE1-40D1-BBC7-E60A2DEFCFF5} = {A551029C-9FE1-40D1-BBC7-E60A2DEFCFF5}
	EndProjectSection
EndProject
Project("{9A19103F-16F7-4668-BE54-9A1E7A4F7556}") = "DRK.DVDCentral.BL.Test", "DRK.DVDCentral.BL.Test\DRK.DVDCentral.BL.Test.csproj", "{80BCB5A3-A555-4177-B071-B395345C8149}"
	ProjectSection(ProjectDependencies) = postProject
		{9F3CB0C4-2FAE-4279-AF6C-744C360FC3CD} = {9F3CB0C4-2FAE-4279-AF6C-744C360FC3CD}
		{A551029C-9FE1-40D1-BBC7-E60A2DEFCFF5} = {A551029C-9FE1-40D1-BBC7-E60A2DEFCFF5}
	EndProjectSection
EndProject
Project("{FAE04EC0-301F-11D3-BF4B-00C04F79EFBC}") = "DRK.DVDCentral.UI", "DRK.DVDCentral.UI\DRK.DVDCentral.UI.csproj", "{5924634A-B1A7-4054-9BB6-9C103CBECC61}"
EndProject
Global
	GlobalSection(SolutionConfigurationPlatforms) = preSolution
		Debug|Any CPU = Debug|Any CPU
		Release|Any CPU = Release|Any CPU
	EndGlobalSection
	GlobalSection(ProjectConfigurationPlatforms) = postSolution
		{A551029C-9FE1-40D1-BBC7-E60A2DEFCFF5}.Debug|Any CPU.ActiveCfg = Debug|Any CPU
		{A551029C-9FE1-40D1-BBC7-E60A2DEFCFF5}.Debug|Any CPU.Build.0 = Debug|Any CPU
		{A551029C-9FE1-40D1-BBC7-E60A2DEFCFF5}.Release|Any CPU.ActiveCfg = Release|Any CPU
		{A551029C-9FE1-40D1-BBC7-E60A2DEFCFF5}.Release|Any CPU.Build.0 = Release|Any CPU
		{4B2AB6B9-0FBD-4D7E-8E1E-0B50C1DFBE0A}.Debug|Any CPU.ActiveCfg = Debug|Any CPU
		{4B2AB6B9-0FBD-4D7E-8E1E-0B50C1DFBE0A}.Debug|Any CPU.Build.0 = Debug|Any CPU
		{4B2AB6B9-0FBD-4D7E-8E1E-0B50C1DFBE0A}.Debug|Any CPU.Deploy.0 = Debug|Any CPU
		{4B2AB6B9-0FBD-4D7E-8E1E-0B50C1DFBE0A}.Release|Any CPU.ActiveCfg = Release|Any CPU
		{4B2AB6B9-0FBD-4D7E-8E1E-0B50C1DFBE0A}.Release|Any CPU.Build.0 = Release|Any CPU
		{4B2AB6B9-0FBD-4D7E-8E1E-0B50C1DFBE0A}.Release|Any CPU.Deploy.0 = Release|Any CPU
		{13EFA9D1-1DFB-4F78-B919-03D5686FC96B}.Debug|Any CPU.ActiveCfg = Debug|Any CPU
		{13EFA9D1-1DFB-4F78-B919-03D5686FC96B}.Debug|Any CPU.Build.0 = Debug|Any CPU
		{13EFA9D1-1DFB-4F78-B919-03D5686FC96B}.Release|Any CPU.ActiveCfg = Release|Any CPU
		{13EFA9D1-1DFB-4F78-B919-03D5686FC96B}.Release|Any CPU.Build.0 = Release|Any CPU
		{7A8598DC-4669-4853-8BC5-BF36476852EE}.Debug|Any CPU.ActiveCfg = Debug|Any CPU
		{7A8598DC-4669-4853-8BC5-BF36476852EE}.Debug|Any CPU.Build.0 = Debug|Any CPU
		{7A8598DC-4669-4853-8BC5-BF36476852EE}.Release|Any CPU.ActiveCfg = Release|Any CPU
		{7A8598DC-4669-4853-8BC5-BF36476852EE}.Release|Any CPU.Build.0 = Release|Any CPU
		{9F3CB0C4-2FAE-4279-AF6C-744C360FC3CD}.Debug|Any CPU.ActiveCfg = Debug|Any CPU
		{9F3CB0C4-2FAE-4279-AF6C-744C360FC3CD}.Debug|Any CPU.Build.0 = Debug|Any CPU
		{9F3CB0C4-2FAE-4279-AF6C-744C360FC3CD}.Release|Any CPU.ActiveCfg = Release|Any CPU
		{9F3CB0C4-2FAE-4279-AF6C-744C360FC3CD}.Release|Any CPU.Build.0 = Release|Any CPU
		{80BCB5A3-A555-4177-B071-B395345C8149}.Debug|Any CPU.ActiveCfg = Debug|Any CPU
		{80BCB5A3-A555-4177-B071-B395345C8149}.Debug|Any CPU.Build.0 = Debug|Any CPU
		{80BCB5A3-A555-4177-B071-B395345C8149}.Release|Any CPU.ActiveCfg = Release|Any CPU
		{80BCB5A3-A555-4177-B071-B395345C8149}.Release|Any CPU.Build.0 = Release|Any CPU
		{5924634A-B1A7-4054-9BB6-9C103CBECC61}.Debug|Any CPU.ActiveCfg = Debug|Any CPU
		{5924634A-B1A7-4054-9BB6-9C103CBECC61}.Debug|Any CPU.Build.0 = Debug|Any CPU
		{5924634A-B1A7-4054-9BB6-9C103CBECC61}.Release|Any CPU.ActiveCfg = Release|Any CPU
		{5924634A-B1A7-4054-9BB6-9C103CBECC61}.Release|Any CPU.Build.0 = Release|Any CPU
	EndGlobalSection
	GlobalSection(SolutionProperties) = preSolution
		HideSolutionNode = FALSE
	EndGlobalSection
	GlobalSection(ExtensibilityGlobals) = postSolution
		SolutionGuid = {7E109E96-9DA7-4DCF-B6EF-3C9CEC152E29}
	EndGlobalSection
EndGlobal
